{
  "lockfileVersion": 1,
  "configVersion": 1,
  "workspaces": {
    "": {
      "dependencies": {
        "antlr4": "^4.13.2",
      },
    },
  },
  "packages": {
    "antlr4": ["antlr4@4.13.2", "", {}, "sha512-QiVbZhyy4xAZ17UPEuG3YTOt8ZaoeOR1CvEAqrEsDBsOqINslaB147i9xqljZqoyf5S+EUlGStaj+t22LT9MOg=="],
  }
}
